dependencies:
  espressif/esp_websocket_client:
    component_hash: ac62982fcf9b266409c2299d2b6b1844122105b35163a3b7f8d0adaa9f7eb989
    dependencies:
    - name: idf
      require: private
      version: '>=5.0'
    source:
      registry_url: https://components.espressif.com/
      type: service
    version: 1.5.0
  idf:
    source:
      type: idf
    version: 5.5.1
  lvgl/lvgl:
    component_hash: d7c1ac037ae6e85d94897f807d6e7ba0946a83e720074fc95a4f6241da9f9f53
    dependencies: []
    source:
      registry_url: https://components.espressif.com/
      type: service
    version: 8.4.0
direct_dependencies:
- espressif/esp_websocket_client
- lvgl/lvgl
manifest_hash: ebd47a2db0bd98a620a49fa39df74b088f0194db194c8eee5760c2b3ad795cd7
target: esp32s3
version: 2.0.0
